{
  "version": 4,
  "terraform_version": "0.12.17",
  "serial": 918,
  "lineage": "40038788-470a-33c6-d662-fc88256f855c",
  "outputs": {},
  "resources": [
    {
      "module": "module.sc2_swagger.module.secure_transport_policy_logs",
      "mode": "data",
      "type": "aws_iam_policy_document",
      "name": "s3_secure_transport_policy",
      "provider": "provider.aws",
      "instances": [
        {
          "schema_version": 0,
          "attributes": {
            "id": "1333758273",
            "json": "{\n  \"Version\": \"2012-10-17\",\n  \"Statement\": [\n    {\n      \"Sid\": \"SecureTransport\",\n      \"Effect\": \"Deny\",\n      \"Action\": \"*\",\n      \"Resource\": \"arn:aws:s3:::blizzard-quotes-logs/*\",\n      \"Principal\": {\n        \"AWS\": \"*\"\n      },\n      \"Condition\": {\n        \"Bool\": {\n          \"aws:SecureTransport\": \"false\"\n        }\n      }\n    }\n  ]\n}",
            "override_json": null,
            "policy_id": null,
            "source_json": null,
            "statement": [
              {
                "actions": [
                  "*"
                ],
                "condition": [
                  {
                    "test": "Bool",
                    "values": [
                      "false"
                    ],
                    "variable": "aws:SecureTransport"
                  }
                ],
                "effect": "Deny",
                "not_actions": [],
                "not_principals": [],
                "not_resources": [],
                "principals": [
                  {
                    "identifiers": [
                      "*"
                    ],
                    "type": "AWS"
                  }
                ],
                "resources": [
                  "arn:aws:s3:::blizzard-quotes-logs/*"
                ],
                "sid": "SecureTransport"
              }
            ],
            "version": "2012-10-17"
          }
        }
      ]
    },
    {
      "module": "module.wc3_swagger.module.secure_transport_policy",
      "mode": "data",
      "type": "aws_iam_policy_document",
      "name": "s3_secure_transport_policy",
      "provider": "provider.aws",
      "instances": [
        {
          "schema_version": 0,
          "attributes": {
            "id": "292092488",
            "json": "{\n  \"Version\": \"2012-10-17\",\n  \"Statement\": [\n    {\n      \"Sid\": \"SecureTransport\",\n      \"Effect\": \"Deny\",\n      \"Action\": \"*\",\n      \"Resource\": \"arn:aws:s3:::blizzard-quotes-wc3-swagger/*\",\n      \"Principal\": {\n        \"AWS\": \"*\"\n      },\n      \"Condition\": {\n        \"Bool\": {\n          \"aws:SecureTransport\": \"false\"\n        }\n      }\n    }\n  ]\n}",
            "override_json": null,
            "policy_id": null,
            "source_json": null,
            "statement": [
              {
                "actions": [
                  "*"
                ],
                "condition": [
                  {
                    "test": "Bool",
                    "values": [
                      "false"
                    ],
                    "variable": "aws:SecureTransport"
                  }
                ],
                "effect": "Deny",
                "not_actions": [],
                "not_principals": [],
                "not_resources": [],
                "principals": [
                  {
                    "identifiers": [
                      "*"
                    ],
                    "type": "AWS"
                  }
                ],
                "resources": [
                  "arn:aws:s3:::blizzard-quotes-wc3-swagger/*"
                ],
                "sid": "SecureTransport"
              }
            ],
            "version": "2012-10-17"
          }
        }
      ]
    },
    {
      "module": "module.secure_transport_policy_logs",
      "mode": "data",
      "type": "aws_iam_policy_document",
      "name": "s3_secure_transport_policy",
      "provider": "provider.aws",
      "instances": [
        {
          "schema_version": 0,
          "attributes": {
            "id": "1333758273",
            "json": "{\n  \"Version\": \"2012-10-17\",\n  \"Statement\": [\n    {\n      \"Sid\": \"SecureTransport\",\n      \"Effect\": \"Deny\",\n      \"Action\": \"*\",\n      \"Resource\": \"arn:aws:s3:::blizzard-quotes-logs/*\",\n      \"Principal\": {\n        \"AWS\": \"*\"\n      },\n      \"Condition\": {\n        \"Bool\": {\n          \"aws:SecureTransport\": \"false\"\n        }\n      }\n    }\n  ]\n}",
            "override_json": null,
            "policy_id": null,
            "source_json": null,
            "statement": [
              {
                "actions": [
                  "*"
                ],
                "condition": [
                  {
                    "test": "Bool",
                    "values": [
                      "false"
                    ],
                    "variable": "aws:SecureTransport"
                  }
                ],
                "effect": "Deny",
                "not_actions": [],
                "not_principals": [],
                "not_resources": [],
                "principals": [
                  {
                    "identifiers": [
                      "*"
                    ],
                    "type": "AWS"
                  }
                ],
                "resources": [
                  "arn:aws:s3:::blizzard-quotes-logs/*"
                ],
                "sid": "SecureTransport"
              }
            ],
            "version": "2012-10-17"
          }
        }
      ]
    },
    {
      "module": "module.sc2_swagger.module.secure_transport_policy",
      "mode": "data",
      "type": "aws_iam_policy_document",
      "name": "s3_secure_transport_policy",
      "provider": "provider.aws",
      "instances": [
        {
          "schema_version": 0,
          "attributes": {
            "id": "2152854253",
            "json": "{\n  \"Version\": \"2012-10-17\",\n  \"Statement\": [\n    {\n      \"Sid\": \"SecureTransport\",\n      \"Effect\": \"Deny\",\n      \"Action\": \"*\",\n      \"Resource\": \"arn:aws:s3:::blizzard-quotes-sc2-swagger/*\",\n      \"Principal\": {\n        \"AWS\": \"*\"\n      },\n      \"Condition\": {\n        \"Bool\": {\n          \"aws:SecureTransport\": \"false\"\n        }\n      }\n    }\n  ]\n}",
            "override_json": null,
            "policy_id": null,
            "source_json": null,
            "statement": [
              {
                "actions": [
                  "*"
                ],
                "condition": [
                  {
                    "test": "Bool",
                    "values": [
                      "false"
                    ],
                    "variable": "aws:SecureTransport"
                  }
                ],
                "effect": "Deny",
                "not_actions": [],
                "not_principals": [],
                "not_resources": [],
                "principals": [
                  {
                    "identifiers": [
                      "*"
                    ],
                    "type": "AWS"
                  }
                ],
                "resources": [
                  "arn:aws:s3:::blizzard-quotes-sc2-swagger/*"
                ],
                "sid": "SecureTransport"
              }
            ],
            "version": "2012-10-17"
          }
        }
      ]
    },
    {
      "module": "module.wc3_swagger.module.secure_transport_policy_logs",
      "mode": "data",
      "type": "aws_iam_policy_document",
      "name": "s3_secure_transport_policy",
      "provider": "provider.aws",
      "instances": [
        {
          "schema_version": 0,
          "attributes": {
            "id": "1333758273",
            "json": "{\n  \"Version\": \"2012-10-17\",\n  \"Statement\": [\n    {\n      \"Sid\": \"SecureTransport\",\n      \"Effect\": \"Deny\",\n      \"Action\": \"*\",\n      \"Resource\": \"arn:aws:s3:::blizzard-quotes-logs/*\",\n      \"Principal\": {\n        \"AWS\": \"*\"\n      },\n      \"Condition\": {\n        \"Bool\": {\n          \"aws:SecureTransport\": \"false\"\n        }\n      }\n    }\n  ]\n}",
            "override_json": null,
            "policy_id": null,
            "source_json": null,
            "statement": [
              {
                "actions": [
                  "*"
                ],
                "condition": [
                  {
                    "test": "Bool",
                    "values": [
                      "false"
                    ],
                    "variable": "aws:SecureTransport"
                  }
                ],
                "effect": "Deny",
                "not_actions": [],
                "not_principals": [],
                "not_resources": [],
                "principals": [
                  {
                    "identifiers": [
                      "*"
                    ],
                    "type": "AWS"
                  }
                ],
                "resources": [
                  "arn:aws:s3:::blizzard-quotes-logs/*"
                ],
                "sid": "SecureTransport"
              }
            ],
            "version": "2012-10-17"
          }
        }
      ]
    },
    {
      "module": "module.sc2_swagger",
      "mode": "data",
      "type": "aws_iam_policy_document",
      "name": "swagger",
      "provider": "provider.aws",
      "instances": [
        {
          "schema_version": 0,
          "attributes": {
            "id": "3666883525",
            "json": "{\n  \"Version\": \"2012-10-17\",\n  \"Statement\": [\n    {\n      \"Sid\": \"SecureTransport\",\n      \"Effect\": \"Deny\",\n      \"Action\": \"*\",\n      \"Resource\": \"arn:aws:s3:::blizzard-quotes-sc2-swagger/*\",\n      \"Principal\": {\n        \"AWS\": \"*\"\n      },\n      \"Condition\": {\n        \"Bool\": {\n          \"aws:SecureTransport\": [\n            \"false\"\n          ]\n        }\n      }\n    },\n    {\n      \"Sid\": \"OriginAccessIdentityGet\",\n      \"Effect\": \"Allow\",\n      \"Action\": \"s3:GetObject\",\n      \"Resource\": \"arn:aws:s3:::blizzard-quotes-sc2-swagger/*\",\n      \"Principal\": {\n        \"AWS\": \"arn:aws:iam::cloudfront:user/CloudFront Origin Access Identity ESP0WXFFK5BE4\"\n      }\n    },\n    {\n      \"Sid\": \"OriginAccessIdentityList\",\n      \"Effect\": \"Allow\",\n      \"Action\": \"s3:ListBucket\",\n      \"Resource\": \"arn:aws:s3:::blizzard-quotes-sc2-swagger\",\n      \"Principal\": {\n        \"AWS\": \"arn:aws:iam::cloudfront:user/CloudFront Origin Access Identity ESP0WXFFK5BE4\"\n      }\n    }\n  ]\n}",
            "override_json": null,
            "policy_id": null,
            "source_json": "{\n  \"Version\": \"2012-10-17\",\n  \"Statement\": [\n    {\n      \"Sid\": \"SecureTransport\",\n      \"Effect\": \"Deny\",\n      \"Action\": \"*\",\n      \"Resource\": \"arn:aws:s3:::blizzard-quotes-sc2-swagger/*\",\n      \"Principal\": {\n        \"AWS\": \"*\"\n      },\n      \"Condition\": {\n        \"Bool\": {\n          \"aws:SecureTransport\": \"false\"\n        }\n      }\n    }\n  ]\n}",
            "statement": [
              {
                "actions": [
                  "s3:GetObject"
                ],
                "condition": [],
                "effect": "Allow",
                "not_actions": [],
                "not_principals": [],
                "not_resources": [],
                "principals": [
                  {
                    "identifiers": [
                      "arn:aws:iam::cloudfront:user/CloudFront Origin Access Identity ESP0WXFFK5BE4"
                    ],
                    "type": "AWS"
                  }
                ],
                "resources": [
                  "arn:aws:s3:::blizzard-quotes-sc2-swagger/*"
                ],
                "sid": "OriginAccessIdentityGet"
              },
              {
                "actions": [
                  "s3:ListBucket"
                ],
                "condition": [],
                "effect": "Allow",
                "not_actions": [],
                "not_principals": [],
                "not_resources": [],
                "principals": [
                  {
                    "identifiers": [
                      "arn:aws:iam::cloudfront:user/CloudFront Origin Access Identity ESP0WXFFK5BE4"
                    ],
                    "type": "AWS"
                  }
                ],
                "resources": [
                  "arn:aws:s3:::blizzard-quotes-sc2-swagger"
                ],
                "sid": "OriginAccessIdentityList"
              }
            ],
            "version": "2012-10-17"
          }
        }
      ]
    },
    {
      "module": "module.wc3_swagger",
      "mode": "data",
      "type": "aws_iam_policy_document",
      "name": "swagger",
      "provider": "provider.aws",
      "instances": [
        {
          "schema_version": 0,
          "attributes": {
            "id": "3146404150",
            "json": "{\n  \"Version\": \"2012-10-17\",\n  \"Statement\": [\n    {\n      \"Sid\": \"SecureTransport\",\n      \"Effect\": \"Deny\",\n      \"Action\": \"*\",\n      \"Resource\": \"arn:aws:s3:::blizzard-quotes-wc3-swagger/*\",\n      \"Principal\": {\n        \"AWS\": \"*\"\n      },\n      \"Condition\": {\n        \"Bool\": {\n          \"aws:SecureTransport\": [\n            \"false\"\n          ]\n        }\n      }\n    },\n    {\n      \"Sid\": \"OriginAccessIdentityGet\",\n      \"Effect\": \"Allow\",\n      \"Action\": \"s3:GetObject\",\n      \"Resource\": \"arn:aws:s3:::blizzard-quotes-wc3-swagger/*\",\n      \"Principal\": {\n        \"AWS\": \"arn:aws:iam::cloudfront:user/CloudFront Origin Access Identity E18CGKGJ829D0A\"\n      }\n    },\n    {\n      \"Sid\": \"OriginAccessIdentityList\",\n      \"Effect\": \"Allow\",\n      \"Action\": \"s3:ListBucket\",\n      \"Resource\": \"arn:aws:s3:::blizzard-quotes-wc3-swagger\",\n      \"Principal\": {\n        \"AWS\": \"arn:aws:iam::cloudfront:user/CloudFront Origin Access Identity E18CGKGJ829D0A\"\n      }\n    }\n  ]\n}",
            "override_json": null,
            "policy_id": null,
            "source_json": "{\n  \"Version\": \"2012-10-17\",\n  \"Statement\": [\n    {\n      \"Sid\": \"SecureTransport\",\n      \"Effect\": \"Deny\",\n      \"Action\": \"*\",\n      \"Resource\": \"arn:aws:s3:::blizzard-quotes-wc3-swagger/*\",\n      \"Principal\": {\n        \"AWS\": \"*\"\n      },\n      \"Condition\": {\n        \"Bool\": {\n          \"aws:SecureTransport\": \"false\"\n        }\n      }\n    }\n  ]\n}",
            "statement": [
              {
                "actions": [
                  "s3:GetObject"
                ],
                "condition": [],
                "effect": "Allow",
                "not_actions": [],
                "not_principals": [],
                "not_resources": [],
                "principals": [
                  {
                    "identifiers": [
                      "arn:aws:iam::cloudfront:user/CloudFront Origin Access Identity E18CGKGJ829D0A"
                    ],
                    "type": "AWS"
                  }
                ],
                "resources": [
                  "arn:aws:s3:::blizzard-quotes-wc3-swagger/*"
                ],
                "sid": "OriginAccessIdentityGet"
              },
              {
                "actions": [
                  "s3:ListBucket"
                ],
                "condition": [],
                "effect": "Allow",
                "not_actions": [],
                "not_principals": [],
                "not_resources": [],
                "principals": [
                  {
                    "identifiers": [
                      "arn:aws:iam::cloudfront:user/CloudFront Origin Access Identity E18CGKGJ829D0A"
                    ],
                    "type": "AWS"
                  }
                ],
                "resources": [
                  "arn:aws:s3:::blizzard-quotes-wc3-swagger"
                ],
                "sid": "OriginAccessIdentityList"
              }
            ],
            "version": "2012-10-17"
          }
        }
      ]
    },
    {
      "module": "module.sc2_swagger",
      "mode": "data",
      "type": "aws_route53_zone",
      "name": "quotes",
      "provider": "provider.aws",
      "instances": [
        {
          "schema_version": 0,
          "attributes": {
            "caller_reference": "RISWorkflow-RD:abe34b1e-be1f-4ff5-8dbf-6912e57eff9a",
            "comment": "HostedZone created by Route53 Registrar",
            "id": "Z2N8RQ0B2P27GZ",
            "linked_service_description": null,
            "linked_service_principal": null,
            "name": "blizzardquotes.com.",
            "name_servers": [
              "ns-1390.awsdns-45.org",
              "ns-693.awsdns-22.net",
              "ns-467.awsdns-58.com",
              "ns-1997.awsdns-57.co.uk"
            ],
            "private_zone": false,
            "resource_record_set_count": 16,
            "tags": null,
            "vpc_id": null,
            "zone_id": "Z2N8RQ0B2P27GZ"
          }
        }
      ]
    },
    {
      "module": "module.wc3_swagger",
      "mode": "data",
      "type": "aws_route53_zone",
      "name": "quotes",
      "provider": "provider.aws",
      "instances": [
        {
          "schema_version": 0,
          "attributes": {
            "caller_reference": "RISWorkflow-RD:abe34b1e-be1f-4ff5-8dbf-6912e57eff9a",
            "comment": "HostedZone created by Route53 Registrar",
            "id": "Z2N8RQ0B2P27GZ",
            "linked_service_description": null,
            "linked_service_principal": null,
            "name": "blizzardquotes.com.",
            "name_servers": [
              "ns-1390.awsdns-45.org",
              "ns-693.awsdns-22.net",
              "ns-467.awsdns-58.com",
              "ns-1997.awsdns-57.co.uk"
            ],
            "private_zone": false,
            "resource_record_set_count": 16,
            "tags": null,
            "vpc_id": null,
            "zone_id": "Z2N8RQ0B2P27GZ"
          }
        }
      ]
    },
    {
      "module": "module.wc3_swagger_ui",
      "mode": "data",
      "type": "external",
      "name": "swagger_ui_latest_version",
      "provider": "provider.external",
      "instances": [
        {
          "schema_version": 0,
          "attributes": {
            "id": "-",
            "program": [
              "bash",
              ".terraform/modules/wc3_swagger_ui/scripts/latest-version.sh"
            ],
            "query": null,
            "result": {
              "version": "v3.24.3"
            },
            "working_dir": null
          }
        }
      ]
    },
    {
      "module": "module.sc2_swagger_ui",
      "mode": "data",
      "type": "external",
      "name": "swagger_ui_latest_version",
      "provider": "provider.external",
      "instances": [
        {
          "schema_version": 0,
          "attributes": {
            "id": "-",
            "program": [
              "bash",
              ".terraform/modules/sc2_swagger_ui/scripts/latest-version.sh"
            ],
            "query": null,
            "result": {
              "version": "v3.24.3"
            },
            "working_dir": null
          }
        }
      ]
    },
    {
      "module": "module.wc3_swagger_ui",
      "mode": "data",
      "type": "template_file",
      "name": "destroy_swagger_ui",
      "provider": "provider.template",
      "instances": [
        {
          "schema_version": 0,
          "attributes": {
            "filename": null,
            "id": "9da529e70018b9f6a5d3513cdb5e882549ebfd924c258b9978daa681d371c4d5",
            "rendered": "BUCKET_PATH=blizzard-quotes-wc3-swagger\r\n\r\nPROFILE=blizzard-quotes\r\n\r\naws s3 rm --profile $PROFILE s3://$BUCKET_PATH --recursive --exclude \"*/*\"\r\n",
            "template": "BUCKET_PATH=${bucket_path}\r\n\r\nPROFILE=${profile}\r\n\r\naws s3 rm --profile $PROFILE s3://$BUCKET_PATH --recursive --exclude \"*/*\"\r\n",
            "vars": {
              "bucket_path": "blizzard-quotes-wc3-swagger",
              "profile": "blizzard-quotes"
            }
          }
        }
      ]
    },
    {
      "module": "module.sc2_swagger_ui",
      "mode": "data",
      "type": "template_file",
      "name": "destroy_swagger_ui",
      "provider": "provider.template",
      "instances": [
        {
          "schema_version": 0,
          "attributes": {
            "filename": null,
            "id": "7a7fce7d3faed1f67baecc0dd4b47e0dce457e676b8693ddddc4b3f80165f0b0",
            "rendered": "BUCKET_PATH=blizzard-quotes-sc2-swagger\r\n\r\nPROFILE=blizzard-quotes\r\n\r\naws s3 rm --profile $PROFILE s3://$BUCKET_PATH --recursive --exclude \"*/*\"\r\n",
            "template": "BUCKET_PATH=${bucket_path}\r\n\r\nPROFILE=${profile}\r\n\r\naws s3 rm --profile $PROFILE s3://$BUCKET_PATH --recursive --exclude \"*/*\"\r\n",
            "vars": {
              "bucket_path": "blizzard-quotes-sc2-swagger",
              "profile": "blizzard-quotes"
            }
          }
        }
      ]
    },
    {
      "module": "module.wc3_swagger_ui",
      "mode": "data",
      "type": "template_file",
      "name": "install_swagger_ui",
      "provider": "provider.template",
      "instances": [
        {
          "schema_version": 0,
          "attributes": {
            "filename": null,
            "id": "53d60a1f708ecea167e518f7cc37bff19c47dde98e9d3dfa6579d1ef29d4725c",
            "rendered": "DIR_PATH=.terraform/modules/wc3_swagger_ui\r\n\r\nACL=private\r\nBUCKET_PATH=blizzard-quotes-wc3-swagger\r\nOPENAPI_SPEC_PATHS=(D:/Workspace/BlizzardQuotes/specifications/wc3/v1.yml)\r\nOPENAPI_SPEC_URLS=(https://swagger.wc3.blizzardquotes.com/v1.yml)\r\nSWAGGER_UI_VERSION=v3.24.3\r\n\r\nPROFILE=blizzard-quotes\r\n\r\nWORK_DIR=tmp\r\nSWAGGER_TARGET=$WORK_DIR/$(basename $BUCKET_PATH)/$(dirname $BUCKET_PATH)/swagger-ui\r\n\r\nmkdir -p $DIR_PATH/$SWAGGER_TARGET\r\n\r\ncurl --silent -L https://github.com/swagger-api/swagger-ui/archive/$SWAGGER_UI_VERSION.tar.gz -o $DIR_PATH/$SWAGGER_TARGET.tar.gz\r\ntar --strip-components 1 -C $DIR_PATH/$SWAGGER_TARGET -xf $DIR_PATH/$SWAGGER_TARGET.tar.gz\r\n\r\n# Grab the count of the largest array\r\nif [ ${#OPENAPI_SPEC_PATHS[@]} -gt ${#OPENAPI_SPEC_URLS[@]} ]; then\r\n  max=${#OPENAPI_SPEC_PATHS[@]}\r\nelse\r\n  max=${#OPENAPI_SPEC_URLS[@]}\r\nfi\r\n\r\nbucket_key_without_file=\"/\"\r\nif [[ $BUCKET_PATH == *\"/\"* ]]; then\r\n  bucket_key_without_file=${BUCKET_PATH#*/}/\r\nfi\r\n\r\n# Use swagger ui urls if more than one path or url with urls taking precedence\r\nif [ $max -gt 1 ]; then\r\n  urls_string=\"[\"\r\n  for ((i = 0; i \u003c $max; i++ )); do\r\n\r\n    # Use url if specified\r\n    if [[ ! -z ${OPENAPI_SPEC_URLS[$i]} \u0026\u0026 ${OPENAPI_SPEC_URLS[$i]} != \"\" ]]; then\r\n      urls_string+=\"{url: \\\"${OPENAPI_SPEC_URLS[$i]}\\\",  name: \\\"$(basename ${OPENAPI_SPEC_URLS[$i]})\\\"},\"\r\n    else\r\n      urls_string+=\"{url: \\\"/${bucket_key_without_file}$(basename ${OPENAPI_SPEC_PATHS[$i]})\\\",  name: \\\"$(basename ${OPENAPI_SPEC_PATHS[$i]})\\\"},\"\r\n    fi\r\n  done\r\n\r\n  urls_string=\"${urls_string%?}]\"\r\n  sed -i \"s@url:.*@urls: $urls_string,@\" $DIR_PATH/$SWAGGER_TARGET/dist/index.html\r\n\r\n# Use swagger ui\r\nelif [ ${#OPENAPI_SPEC_URLS[@]} -eq 1 ]; then\r\n  sed -i \"s@url:.*@url: \\\"${OPENAPI_SPEC_URLS[0]}\\\",@\" $DIR_PATH/$SWAGGER_TARGET/dist/index.html\r\n# Use swagger ui\r\nelif [ ${#OPENAPI_SPEC_PATHS[@]} -eq 1 ]; then\r\n  sed -i \"s@url:.*@url: \\\"/${bucket_key_without_file}$(basename ${OPENAPI_SPEC_PATHS[0]})\\\",@\" $DIR_PATH/$SWAGGER_TARGET/dist/index.html\r\nfi\r\n\r\naws s3 sync --profile $PROFILE --acl $ACL $DIR_PATH/$SWAGGER_TARGET/dist s3://$BUCKET_PATH\r\n\r\nfor path in ${OPENAPI_SPEC_PATHS[@]}; do\r\n  aws s3 cp --profile $PROFILE --acl $ACL $path s3://$BUCKET_PATH/$(basename $path)  \r\ndone\r\n\r\nrm -rf $DIR_PATH/$SWAGGER_TARGET.tar.gz\r\nrm -rf $DIR_PATH/$SWAGGER_TARGET\r\n",
            "template": "DIR_PATH=${path}\r\n\r\nACL=${acl}\r\nBUCKET_PATH=${bucket_path}\r\nOPENAPI_SPEC_PATHS=${openapi_spec_paths}\r\nOPENAPI_SPEC_URLS=${openapi_spec_urls}\r\nSWAGGER_UI_VERSION=${swagger_ui_version}\r\n\r\nPROFILE=${profile}\r\n\r\nWORK_DIR=tmp\r\nSWAGGER_TARGET=$WORK_DIR/$(basename $BUCKET_PATH)/$(dirname $BUCKET_PATH)/swagger-ui\r\n\r\nmkdir -p $DIR_PATH/$SWAGGER_TARGET\r\n\r\ncurl --silent -L https://github.com/swagger-api/swagger-ui/archive/$SWAGGER_UI_VERSION.tar.gz -o $DIR_PATH/$SWAGGER_TARGET.tar.gz\r\ntar --strip-components 1 -C $DIR_PATH/$SWAGGER_TARGET -xf $DIR_PATH/$SWAGGER_TARGET.tar.gz\r\n\r\n# Grab the count of the largest array\r\nif [ $${#OPENAPI_SPEC_PATHS[@]} -gt $${#OPENAPI_SPEC_URLS[@]} ]; then\r\n  max=$${#OPENAPI_SPEC_PATHS[@]}\r\nelse\r\n  max=$${#OPENAPI_SPEC_URLS[@]}\r\nfi\r\n\r\nbucket_key_without_file=\"/\"\r\nif [[ $BUCKET_PATH == *\"/\"* ]]; then\r\n  bucket_key_without_file=$${BUCKET_PATH#*/}/\r\nfi\r\n\r\n# Use swagger ui urls if more than one path or url with urls taking precedence\r\nif [ $max -gt 1 ]; then\r\n  urls_string=\"[\"\r\n  for ((i = 0; i \u003c $max; i++ )); do\r\n\r\n    # Use url if specified\r\n    if [[ ! -z $${OPENAPI_SPEC_URLS[$i]} \u0026\u0026 $${OPENAPI_SPEC_URLS[$i]} != \"\" ]]; then\r\n      urls_string+=\"{url: \\\"$${OPENAPI_SPEC_URLS[$i]}\\\",  name: \\\"$(basename $${OPENAPI_SPEC_URLS[$i]})\\\"},\"\r\n    else\r\n      urls_string+=\"{url: \\\"/$${bucket_key_without_file}$(basename $${OPENAPI_SPEC_PATHS[$i]})\\\",  name: \\\"$(basename $${OPENAPI_SPEC_PATHS[$i]})\\\"},\"\r\n    fi\r\n  done\r\n\r\n  urls_string=\"$${urls_string%?}]\"\r\n  sed -i \"s@url:.*@urls: $urls_string,@\" $DIR_PATH/$SWAGGER_TARGET/dist/index.html\r\n\r\n# Use swagger ui\r\nelif [ $${#OPENAPI_SPEC_URLS[@]} -eq 1 ]; then\r\n  sed -i \"s@url:.*@url: \\\"$${OPENAPI_SPEC_URLS[0]}\\\",@\" $DIR_PATH/$SWAGGER_TARGET/dist/index.html\r\n# Use swagger ui\r\nelif [ $${#OPENAPI_SPEC_PATHS[@]} -eq 1 ]; then\r\n  sed -i \"s@url:.*@url: \\\"/$${bucket_key_without_file}$(basename $${OPENAPI_SPEC_PATHS[0]})\\\",@\" $DIR_PATH/$SWAGGER_TARGET/dist/index.html\r\nfi\r\n\r\naws s3 sync --profile $PROFILE --acl $ACL $DIR_PATH/$SWAGGER_TARGET/dist s3://$BUCKET_PATH\r\n\r\nfor path in $${OPENAPI_SPEC_PATHS[@]}; do\r\n  aws s3 cp --profile $PROFILE --acl $ACL $path s3://$BUCKET_PATH/$(basename $path)  \r\ndone\r\n\r\nrm -rf $DIR_PATH/$SWAGGER_TARGET.tar.gz\r\nrm -rf $DIR_PATH/$SWAGGER_TARGET\r\n",
            "vars": {
              "acl": "private",
              "bucket_path": "blizzard-quotes-wc3-swagger",
              "openapi_spec_paths": "(D:/Workspace/BlizzardQuotes/specifications/wc3/v1.yml)",
              "openapi_spec_urls": "(https://swagger.wc3.blizzardquotes.com/v1.yml)",
              "path": ".terraform/modules/wc3_swagger_ui",
              "profile": "blizzard-quotes",
              "swagger_ui_version": "v3.24.3"
            }
          }
        }
      ]
    },
    {
      "module": "module.sc2_swagger_ui",
      "mode": "data",
      "type": "template_file",
      "name": "install_swagger_ui",
      "provider": "provider.template",
      "instances": [
        {
          "schema_version": 0,
          "attributes": {
            "filename": null,
            "id": "182bc731ee5e152f33dd3e499f247bd7a04f046e76efcae3b926bdc8e1da6b71",
            "rendered": "DIR_PATH=.terraform/modules/sc2_swagger_ui\r\n\r\nACL=private\r\nBUCKET_PATH=blizzard-quotes-sc2-swagger\r\nOPENAPI_SPEC_PATHS=(D:/Workspace/BlizzardQuotes/specifications/sc2/v1.yml)\r\nOPENAPI_SPEC_URLS=(https://swagger.sc2.blizzardquotes.com/v1.yml)\r\nSWAGGER_UI_VERSION=v3.24.3\r\n\r\nPROFILE=blizzard-quotes\r\n\r\nWORK_DIR=tmp\r\nSWAGGER_TARGET=$WORK_DIR/$(basename $BUCKET_PATH)/$(dirname $BUCKET_PATH)/swagger-ui\r\n\r\nmkdir -p $DIR_PATH/$SWAGGER_TARGET\r\n\r\ncurl --silent -L https://github.com/swagger-api/swagger-ui/archive/$SWAGGER_UI_VERSION.tar.gz -o $DIR_PATH/$SWAGGER_TARGET.tar.gz\r\ntar --strip-components 1 -C $DIR_PATH/$SWAGGER_TARGET -xf $DIR_PATH/$SWAGGER_TARGET.tar.gz\r\n\r\n# Grab the count of the largest array\r\nif [ ${#OPENAPI_SPEC_PATHS[@]} -gt ${#OPENAPI_SPEC_URLS[@]} ]; then\r\n  max=${#OPENAPI_SPEC_PATHS[@]}\r\nelse\r\n  max=${#OPENAPI_SPEC_URLS[@]}\r\nfi\r\n\r\nbucket_key_without_file=\"/\"\r\nif [[ $BUCKET_PATH == *\"/\"* ]]; then\r\n  bucket_key_without_file=${BUCKET_PATH#*/}/\r\nfi\r\n\r\n# Use swagger ui urls if more than one path or url with urls taking precedence\r\nif [ $max -gt 1 ]; then\r\n  urls_string=\"[\"\r\n  for ((i = 0; i \u003c $max; i++ )); do\r\n\r\n    # Use url if specified\r\n    if [[ ! -z ${OPENAPI_SPEC_URLS[$i]} \u0026\u0026 ${OPENAPI_SPEC_URLS[$i]} != \"\" ]]; then\r\n      urls_string+=\"{url: \\\"${OPENAPI_SPEC_URLS[$i]}\\\",  name: \\\"$(basename ${OPENAPI_SPEC_URLS[$i]})\\\"},\"\r\n    else\r\n      urls_string+=\"{url: \\\"/${bucket_key_without_file}$(basename ${OPENAPI_SPEC_PATHS[$i]})\\\",  name: \\\"$(basename ${OPENAPI_SPEC_PATHS[$i]})\\\"},\"\r\n    fi\r\n  done\r\n\r\n  urls_string=\"${urls_string%?}]\"\r\n  sed -i \"s@url:.*@urls: $urls_string,@\" $DIR_PATH/$SWAGGER_TARGET/dist/index.html\r\n\r\n# Use swagger ui\r\nelif [ ${#OPENAPI_SPEC_URLS[@]} -eq 1 ]; then\r\n  sed -i \"s@url:.*@url: \\\"${OPENAPI_SPEC_URLS[0]}\\\",@\" $DIR_PATH/$SWAGGER_TARGET/dist/index.html\r\n# Use swagger ui\r\nelif [ ${#OPENAPI_SPEC_PATHS[@]} -eq 1 ]; then\r\n  sed -i \"s@url:.*@url: \\\"/${bucket_key_without_file}$(basename ${OPENAPI_SPEC_PATHS[0]})\\\",@\" $DIR_PATH/$SWAGGER_TARGET/dist/index.html\r\nfi\r\n\r\naws s3 sync --profile $PROFILE --acl $ACL $DIR_PATH/$SWAGGER_TARGET/dist s3://$BUCKET_PATH\r\n\r\nfor path in ${OPENAPI_SPEC_PATHS[@]}; do\r\n  aws s3 cp --profile $PROFILE --acl $ACL $path s3://$BUCKET_PATH/$(basename $path)  \r\ndone\r\n\r\nrm -rf $DIR_PATH/$SWAGGER_TARGET.tar.gz\r\nrm -rf $DIR_PATH/$SWAGGER_TARGET\r\n",
            "template": "DIR_PATH=${path}\r\n\r\nACL=${acl}\r\nBUCKET_PATH=${bucket_path}\r\nOPENAPI_SPEC_PATHS=${openapi_spec_paths}\r\nOPENAPI_SPEC_URLS=${openapi_spec_urls}\r\nSWAGGER_UI_VERSION=${swagger_ui_version}\r\n\r\nPROFILE=${profile}\r\n\r\nWORK_DIR=tmp\r\nSWAGGER_TARGET=$WORK_DIR/$(basename $BUCKET_PATH)/$(dirname $BUCKET_PATH)/swagger-ui\r\n\r\nmkdir -p $DIR_PATH/$SWAGGER_TARGET\r\n\r\ncurl --silent -L https://github.com/swagger-api/swagger-ui/archive/$SWAGGER_UI_VERSION.tar.gz -o $DIR_PATH/$SWAGGER_TARGET.tar.gz\r\ntar --strip-components 1 -C $DIR_PATH/$SWAGGER_TARGET -xf $DIR_PATH/$SWAGGER_TARGET.tar.gz\r\n\r\n# Grab the count of the largest array\r\nif [ $${#OPENAPI_SPEC_PATHS[@]} -gt $${#OPENAPI_SPEC_URLS[@]} ]; then\r\n  max=$${#OPENAPI_SPEC_PATHS[@]}\r\nelse\r\n  max=$${#OPENAPI_SPEC_URLS[@]}\r\nfi\r\n\r\nbucket_key_without_file=\"/\"\r\nif [[ $BUCKET_PATH == *\"/\"* ]]; then\r\n  bucket_key_without_file=$${BUCKET_PATH#*/}/\r\nfi\r\n\r\n# Use swagger ui urls if more than one path or url with urls taking precedence\r\nif [ $max -gt 1 ]; then\r\n  urls_string=\"[\"\r\n  for ((i = 0; i \u003c $max; i++ )); do\r\n\r\n    # Use url if specified\r\n    if [[ ! -z $${OPENAPI_SPEC_URLS[$i]} \u0026\u0026 $${OPENAPI_SPEC_URLS[$i]} != \"\" ]]; then\r\n      urls_string+=\"{url: \\\"$${OPENAPI_SPEC_URLS[$i]}\\\",  name: \\\"$(basename $${OPENAPI_SPEC_URLS[$i]})\\\"},\"\r\n    else\r\n      urls_string+=\"{url: \\\"/$${bucket_key_without_file}$(basename $${OPENAPI_SPEC_PATHS[$i]})\\\",  name: \\\"$(basename $${OPENAPI_SPEC_PATHS[$i]})\\\"},\"\r\n    fi\r\n  done\r\n\r\n  urls_string=\"$${urls_string%?}]\"\r\n  sed -i \"s@url:.*@urls: $urls_string,@\" $DIR_PATH/$SWAGGER_TARGET/dist/index.html\r\n\r\n# Use swagger ui\r\nelif [ $${#OPENAPI_SPEC_URLS[@]} -eq 1 ]; then\r\n  sed -i \"s@url:.*@url: \\\"$${OPENAPI_SPEC_URLS[0]}\\\",@\" $DIR_PATH/$SWAGGER_TARGET/dist/index.html\r\n# Use swagger ui\r\nelif [ $${#OPENAPI_SPEC_PATHS[@]} -eq 1 ]; then\r\n  sed -i \"s@url:.*@url: \\\"/$${bucket_key_without_file}$(basename $${OPENAPI_SPEC_PATHS[0]})\\\",@\" $DIR_PATH/$SWAGGER_TARGET/dist/index.html\r\nfi\r\n\r\naws s3 sync --profile $PROFILE --acl $ACL $DIR_PATH/$SWAGGER_TARGET/dist s3://$BUCKET_PATH\r\n\r\nfor path in $${OPENAPI_SPEC_PATHS[@]}; do\r\n  aws s3 cp --profile $PROFILE --acl $ACL $path s3://$BUCKET_PATH/$(basename $path)  \r\ndone\r\n\r\nrm -rf $DIR_PATH/$SWAGGER_TARGET.tar.gz\r\nrm -rf $DIR_PATH/$SWAGGER_TARGET\r\n",
            "vars": {
              "acl": "private",
              "bucket_path": "blizzard-quotes-sc2-swagger",
              "openapi_spec_paths": "(D:/Workspace/BlizzardQuotes/specifications/sc2/v1.yml)",
              "openapi_spec_urls": "(https://swagger.sc2.blizzardquotes.com/v1.yml)",
              "path": ".terraform/modules/sc2_swagger_ui",
              "profile": "blizzard-quotes",
              "swagger_ui_version": "v3.24.3"
            }
          }
        }
      ]
    },
    {
      "mode": "managed",
      "type": "aws_acm_certificate",
      "name": "sc2_quotes",
      "provider": "provider.aws",
      "instances": [
        {
          "schema_version": 0,
          "attributes": {
            "arn": "arn:aws:acm:us-east-1:597331215585:certificate/579e3840-d5a4-42a3-b275-44807eacf5e4",
            "certificate_authority_arn": "",
            "certificate_body": null,
            "certificate_chain": null,
            "domain_name": "sc2.blizzardquotes.com",
            "domain_validation_options": [
              {
                "domain_name": "sc2.blizzardquotes.com",
                "resource_record_name": "_4ec01e3c6aaa06661119902291e56f7a.sc2.blizzardquotes.com.",
                "resource_record_type": "CNAME",
                "resource_record_value": "_ae3a8700a0561010aafd329951e9542b.olprtlswtu.acm-validations.aws."
              },
              {
                "domain_name": "*.sc2.blizzardquotes.com",
                "resource_record_name": "_4ec01e3c6aaa06661119902291e56f7a.sc2.blizzardquotes.com.",
                "resource_record_type": "CNAME",
                "resource_record_value": "_ae3a8700a0561010aafd329951e9542b.olprtlswtu.acm-validations.aws."
              },
              {
                "domain_name": "*.swagger.sc2.blizzardquotes.com",
                "resource_record_name": "_6fa3ee744ea4a442a990f7e51b0baa65.swagger.sc2.blizzardquotes.com.",
                "resource_record_type": "CNAME",
                "resource_record_value": "_d2cfe783c79ceb855ddd076e4a00684d.olprtlswtu.acm-validations.aws."
              },
              {
                "domain_name": "*.api.sc2.blizzardquotes.com",
                "resource_record_name": "_c215d098c0fb1e2f9561c0cf3a3bd32c.api.sc2.blizzardquotes.com.",
                "resource_record_type": "CNAME",
                "resource_record_value": "_74165899ff9c0c220f28d092a670a30f.olprtlswtu.acm-validations.aws."
              }
            ],
            "id": "arn:aws:acm:us-east-1:597331215585:certificate/579e3840-d5a4-42a3-b275-44807eacf5e4",
            "options": [
              {
                "certificate_transparency_logging_preference": "ENABLED"
              }
            ],
            "private_key": null,
            "subject_alternative_names": [
              "*.sc2.blizzardquotes.com",
              "*.swagger.sc2.blizzardquotes.com",
              "*.api.sc2.blizzardquotes.com"
            ],
            "tags": {},
            "validation_emails": [],
            "validation_method": "DNS"
          },
          "private": "bnVsbA=="
        }
      ]
    },
    {
      "mode": "managed",
      "type": "aws_acm_certificate",
      "name": "wc3_quotes",
      "provider": "provider.aws",
      "instances": [
        {
          "schema_version": 0,
          "attributes": {
            "arn": "arn:aws:acm:us-east-1:597331215585:certificate/b0f5e2b5-be1c-4a1c-b28f-cc46b4e68042",
            "certificate_authority_arn": "",
            "certificate_body": null,
            "certificate_chain": null,
            "domain_name": "wc3.blizzardquotes.com",
            "domain_validation_options": [
              {
                "domain_name": "wc3.blizzardquotes.com",
                "resource_record_name": "_86ea9f43c57835f0d0a4994964e02673.wc3.blizzardquotes.com.",
                "resource_record_type": "CNAME",
                "resource_record_value": "_25b007db16b6a6298ade6ba818ed3106.olprtlswtu.acm-validations.aws."
              },
              {
                "domain_name": "*.swagger.wc3.blizzardquotes.com",
                "resource_record_name": "_7a308506ce4c4e55248bb4596816fdbc.swagger.wc3.blizzardquotes.com.",
                "resource_record_type": "CNAME",
                "resource_record_value": "_ccf48c91d5e606cbc8e6c6ca620a1b9f.olprtlswtu.acm-validations.aws."
              },
              {
                "domain_name": "*.api.wc3.blizzardquotes.com",
                "resource_record_name": "_a1fb593fd2502ebdb6ff3059c3bbb946.api.wc3.blizzardquotes.com.",
                "resource_record_type": "CNAME",
                "resource_record_value": "_6e1d5ac9add86d04f92bb8af3bb2e166.olprtlswtu.acm-validations.aws."
              },
              {
                "domain_name": "*.wc3.blizzardquotes.com",
                "resource_record_name": "_86ea9f43c57835f0d0a4994964e02673.wc3.blizzardquotes.com.",
                "resource_record_type": "CNAME",
                "resource_record_value": "_25b007db16b6a6298ade6ba818ed3106.olprtlswtu.acm-validations.aws."
              }
            ],
            "id": "arn:aws:acm:us-east-1:597331215585:certificate/b0f5e2b5-be1c-4a1c-b28f-cc46b4e68042",
            "options": [
              {
                "certificate_transparency_logging_preference": "ENABLED"
              }
            ],
            "private_key": null,
            "subject_alternative_names": [
              "*.swagger.wc3.blizzardquotes.com",
              "*.api.wc3.blizzardquotes.com",
              "*.wc3.blizzardquotes.com"
            ],
            "tags": {},
            "validation_emails": [],
            "validation_method": "DNS"
          },
          "private": "bnVsbA=="
        }
      ]
    },
    {
      "module": "module.sc2_swagger",
      "mode": "managed",
      "type": "aws_cloudfront_distribution",
      "name": "swagger",
      "provider": "provider.aws",
      "instances": [
        {
          "schema_version": 1,
          "attributes": {
            "active_trusted_signers": {
              "enabled": "false",
              "items.#": "0"
            },
            "aliases": [
              "swagger.sc2.blizzardquotes.com"
            ],
            "arn": "arn:aws:cloudfront::597331215585:distribution/E30UP8JJZYRNQH",
            "cache_behavior": [],
            "caller_reference": "terraform-20191013050445093200000002",
            "comment": "CloudFront distribution for hosting swagger.sc2.blizzardquotes.com",
            "custom_error_response": [
              {
                "error_caching_min_ttl": 5,
                "error_code": 404,
                "response_code": 200,
                "response_page_path": "/index.html"
              }
            ],
            "default_cache_behavior": [
              {
                "allowed_methods": [
                  "GET",
                  "HEAD",
                  "OPTIONS"
                ],
                "cached_methods": [
                  "GET",
                  "HEAD"
                ],
                "compress": false,
                "default_ttl": 3600,
                "field_level_encryption_id": "",
                "forwarded_values": [
                  {
                    "cookies": [
                      {
                        "forward": "none",
                        "whitelisted_names": []
                      }
                    ],
                    "headers": [],
                    "query_string": false,
                    "query_string_cache_keys": []
                  }
                ],
                "lambda_function_association": [],
                "max_ttl": 86400,
                "min_ttl": 0,
                "smooth_streaming": false,
                "target_origin_id": "blizzard-quotes-sc2-swagger",
                "trusted_signers": [],
                "viewer_protocol_policy": "redirect-to-https"
              }
            ],
            "default_root_object": "index.html",
            "domain_name": "d3kpf7k603afce.cloudfront.net",
            "enabled": true,
            "etag": "E1QZ3DVDBEEMX6",
            "hosted_zone_id": "Z2FDTNDATAQYW2",
            "http_version": "http2",
            "id": "E30UP8JJZYRNQH",
            "in_progress_validation_batches": 0,
            "is_ipv6_enabled": true,
            "last_modified_time": "2019-10-13 05:04:45.2 +0000 UTC",
            "logging_config": [
              {
                "bucket": "blizzard-quotes-logs.s3.amazonaws.com",
                "include_cookies": false,
                "prefix": "cloud-front-sc2-swagger/"
              }
            ],
            "ordered_cache_behavior": [],
            "origin": [
              {
                "custom_header": [],
                "custom_origin_config": [],
                "domain_name": "blizzard-quotes-sc2-swagger.s3.amazonaws.com",
                "origin_id": "blizzard-quotes-sc2-swagger",
                "origin_path": "",
                "s3_origin_config": [
                  {
                    "origin_access_identity": "origin-access-identity/cloudfront/ESP0WXFFK5BE4"
                  }
                ]
              }
            ],
            "origin_group": [],
            "price_class": "PriceClass_100",
            "restrictions": [
              {
                "geo_restriction": [
                  {
                    "locations": [],
                    "restriction_type": "none"
                  }
                ]
              }
            ],
            "retain_on_delete": false,
            "status": "Deployed",
            "tags": {
              "Name": "swagger.sc2.blizzardquotes.com",
              "Purpose": "CloudFront distribution for hosting swagger.sc2.blizzardquotes.com"
            },
            "viewer_certificate": [
              {
                "acm_certificate_arn": "arn:aws:acm:us-east-1:597331215585:certificate/579e3840-d5a4-42a3-b275-44807eacf5e4",
                "cloudfront_default_certificate": false,
                "iam_certificate_id": "",
                "minimum_protocol_version": "TLSv1",
                "ssl_support_method": "sni-only"
              }
            ],
            "wait_for_deployment": true,
            "web_acl_id": ""
          },
          "private": "eyJzY2hlbWFfdmVyc2lvbiI6IjEifQ==",
          "dependencies": [
            "aws_acm_certificate.sc2_quotes",
            "module.sc2_swagger.aws_cloudfront_origin_access_identity.swagger",
            "module.sc2_swagger.aws_s3_bucket.swagger"
          ]
        }
      ]
    },
    {
      "module": "module.wc3_swagger",
      "mode": "managed",
      "type": "aws_cloudfront_distribution",
      "name": "swagger",
      "provider": "provider.aws",
      "instances": [
        {
          "schema_version": 1,
          "attributes": {
            "active_trusted_signers": {
              "enabled": "false",
              "items.#": "0"
            },
            "aliases": [
              "swagger.wc3.blizzardquotes.com"
            ],
            "arn": "arn:aws:cloudfront::597331215585:distribution/E2YQC7D4UYS5OX",
            "cache_behavior": [],
            "caller_reference": "terraform-20191013040303677400000002",
            "comment": "CloudFront distribution for hosting swagger.wc3.blizzardquotes.com",
            "custom_error_response": [
              {
                "error_caching_min_ttl": 5,
                "error_code": 404,
                "response_code": 200,
                "response_page_path": "/index.html"
              }
            ],
            "default_cache_behavior": [
              {
                "allowed_methods": [
                  "GET",
                  "HEAD",
                  "OPTIONS"
                ],
                "cached_methods": [
                  "GET",
                  "HEAD"
                ],
                "compress": false,
                "default_ttl": 3600,
                "field_level_encryption_id": "",
                "forwarded_values": [
                  {
                    "cookies": [
                      {
                        "forward": "none",
                        "whitelisted_names": []
                      }
                    ],
                    "headers": [],
                    "query_string": false,
                    "query_string_cache_keys": []
                  }
                ],
                "lambda_function_association": [],
                "max_ttl": 86400,
                "min_ttl": 0,
                "smooth_streaming": false,
                "target_origin_id": "blizzard-quotes-wc3-swagger",
                "trusted_signers": [],
                "viewer_protocol_policy": "redirect-to-https"
              }
            ],
            "default_root_object": "index.html",
            "domain_name": "d9x7pnwn8l8uh.cloudfront.net",
            "enabled": true,
            "etag": "EH68X47PZ4W3X",
            "hosted_zone_id": "Z2FDTNDATAQYW2",
            "http_version": "http2",
            "id": "E2YQC7D4UYS5OX",
            "in_progress_validation_batches": 0,
            "is_ipv6_enabled": true,
            "last_modified_time": "2019-10-13 04:32:23.178 +0000 UTC",
            "logging_config": [
              {
                "bucket": "blizzard-quotes-logs.s3.amazonaws.com",
                "include_cookies": false,
                "prefix": "cloud-front-wc3-swagger/"
              }
            ],
            "ordered_cache_behavior": [],
            "origin": [
              {
                "custom_header": [],
                "custom_origin_config": [],
                "domain_name": "blizzard-quotes-wc3-swagger.s3.amazonaws.com",
                "origin_id": "blizzard-quotes-wc3-swagger",
                "origin_path": "",
                "s3_origin_config": [
                  {
                    "origin_access_identity": "origin-access-identity/cloudfront/E18CGKGJ829D0A"
                  }
                ]
              }
            ],
            "origin_group": [],
            "price_class": "PriceClass_100",
            "restrictions": [
              {
                "geo_restriction": [
                  {
                    "locations": [],
                    "restriction_type": "none"
                  }
                ]
              }
            ],
            "retain_on_delete": false,
            "status": "Deployed",
            "tags": {
              "Name": "swagger.wc3.blizzardquotes.com",
              "Purpose": "CloudFront distribution for hosting swagger.wc3.blizzardquotes.com"
            },
            "viewer_certificate": [
              {
                "acm_certificate_arn": "arn:aws:acm:us-east-1:597331215585:certificate/b0f5e2b5-be1c-4a1c-b28f-cc46b4e68042",
                "cloudfront_default_certificate": false,
                "iam_certificate_id": "",
                "minimum_protocol_version": "TLSv1",
                "ssl_support_method": "sni-only"
              }
            ],
            "wait_for_deployment": true,
            "web_acl_id": ""
          },
          "private": "eyJzY2hlbWFfdmVyc2lvbiI6IjEifQ==",
          "dependencies": [
            "aws_acm_certificate.wc3_quotes",
            "module.wc3_swagger.aws_cloudfront_origin_access_identity.swagger",
            "module.wc3_swagger.aws_s3_bucket.swagger"
          ]
        }
      ]
    },
    {
      "module": "module.sc2_swagger",
      "mode": "managed",
      "type": "aws_cloudfront_origin_access_identity",
      "name": "swagger",
      "provider": "provider.aws",
      "instances": [
        {
          "schema_version": 0,
          "attributes": {
            "caller_reference": "terraform-20191013050443444200000001",
            "cloudfront_access_identity_path": "origin-access-identity/cloudfront/ESP0WXFFK5BE4",
            "comment": "Origin Access Identity for swagger.sc2.blizzardquotes.com",
            "etag": "E2AQ7ZPO7FMCOV",
            "iam_arn": "arn:aws:iam::cloudfront:user/CloudFront Origin Access Identity ESP0WXFFK5BE4",
            "id": "ESP0WXFFK5BE4",
            "s3_canonical_user_id": "b7a001dd58f44a9ac710ef3fb0928ea7858894300463a9778ba247c357b5e8bb132e5bb10f6d17535e9442ac70ab9954"
          },
          "private": "bnVsbA=="
        }
      ]
    },
    {
      "module": "module.wc3_swagger",
      "mode": "managed",
      "type": "aws_cloudfront_origin_access_identity",
      "name": "swagger",
      "provider": "provider.aws",
      "instances": [
        {
          "schema_version": 0,
          "attributes": {
            "caller_reference": "terraform-20191013040302158400000001",
            "cloudfront_access_identity_path": "origin-access-identity/cloudfront/E18CGKGJ829D0A",
            "comment": "Origin Access Identity for swagger.wc3.blizzardquotes.com",
            "etag": "E14P0RHPHMJW6G",
            "iam_arn": "arn:aws:iam::cloudfront:user/CloudFront Origin Access Identity E18CGKGJ829D0A",
            "id": "E18CGKGJ829D0A",
            "s3_canonical_user_id": "7eace2bf6f7df3f6e12f4b7f40b8185167a8ea185d746bcfa9fa13b8ee5ee1a29fbce6ed1f8eac42ea757703b4d46dbd"
          },
          "private": "bnVsbA=="
        }
      ]
    },
    {
      "mode": "managed",
      "type": "aws_cloudwatch_metric_alarm",
      "name": "billing_alarm_high",
      "provider": "provider.aws",
      "instances": [
        {
          "schema_version": 1,
          "attributes": {
            "actions_enabled": true,
            "alarm_actions": [
              "arn:aws:sns:us-east-1:597331215585:cost-notification"
            ],
            "alarm_description": "Alert to signal that billing is even higher.",
            "alarm_name": "BillingAlarmHigh",
            "arn": "arn:aws:cloudwatch:us-east-1:597331215585:alarm:BillingAlarmHigh",
            "comparison_operator": "GreaterThanThreshold",
            "datapoints_to_alarm": 0,
            "dimensions": {
              "Currency": "USD"
            },
            "evaluate_low_sample_count_percentiles": "",
            "evaluation_periods": 1,
            "extended_statistic": "",
            "id": "BillingAlarmHigh",
            "insufficient_data_actions": [],
            "metric_name": "EstimatedCharges",
            "metric_query": [],
            "namespace": "AWS/Billing",
            "ok_actions": [],
            "period": 300,
            "statistic": "Maximum",
            "tags": {},
            "threshold": 20,
            "threshold_metric_id": "",
            "treat_missing_data": "missing",
            "unit": ""
          },
          "private": "eyJzY2hlbWFfdmVyc2lvbiI6IjEifQ==",
          "dependencies": [
            "aws_sns_topic.cost_notification"
          ]
        }
      ]
    },
    {
      "mode": "managed",
      "type": "aws_cloudwatch_metric_alarm",
      "name": "billing_alarm_low",
      "provider": "provider.aws",
      "instances": [
        {
          "schema_version": 1,
          "attributes": {
            "actions_enabled": true,
            "alarm_actions": [
              "arn:aws:sns:us-east-1:597331215585:cost-notification"
            ],
            "alarm_description": "Alarm to signal that billing is getting high.",
            "alarm_name": "BillingAlarmLow",
            "arn": "arn:aws:cloudwatch:us-east-1:597331215585:alarm:BillingAlarmLow",
            "comparison_operator": "GreaterThanThreshold",
            "datapoints_to_alarm": 0,
            "dimensions": {
              "Currency": "USD"
            },
            "evaluate_low_sample_count_percentiles": "",
            "evaluation_periods": 1,
            "extended_statistic": "",
            "id": "BillingAlarmLow",
            "insufficient_data_actions": [],
            "metric_name": "EstimatedCharges",
            "metric_query": [],
            "namespace": "AWS/Billing",
            "ok_actions": [],
            "period": 300,
            "statistic": "Maximum",
            "tags": {},
            "threshold": 2,
            "threshold_metric_id": "",
            "treat_missing_data": "missing",
            "unit": ""
          },
          "private": "eyJzY2hlbWFfdmVyc2lvbiI6IjEifQ==",
          "dependencies": [
            "aws_sns_topic.cost_notification"
          ]
        }
      ]
    },
    {
      "mode": "managed",
      "type": "aws_iam_group",
      "name": "administrators",
      "provider": "provider.aws",
      "instances": [
        {
          "schema_version": 0,
          "attributes": {
            "arn": "arn:aws:iam::597331215585:group/Administrators",
            "id": "Administrators",
            "name": "Administrators",
            "path": "/",
            "unique_id": "AGPAYWE5XATQTKFFH4W76"
          },
          "private": "eyJzY2hlbWFfdmVyc2lvbiI6IjAifQ=="
        }
      ]
    },
    {
      "mode": "managed",
      "type": "aws_iam_group_policy_attachment",
      "name": "administrator_access",
      "provider": "provider.aws",
      "instances": [
        {
          "schema_version": 0,
          "attributes": {
            "group": "Administrators",
            "id": "Administrators-20191219040733415700000001",
            "policy_arn": "arn:aws:iam::aws:policy/AdministratorAccess"
          },
          "private": "bnVsbA==",
          "dependencies": [
            "aws_iam_group.administrators"
          ]
        }
      ]
    },
    {
      "mode": "managed",
      "type": "aws_iam_user",
      "name": "william_panebianco",
      "provider": "provider.aws",
      "instances": [
        {
          "schema_version": 0,
          "attributes": {
            "arn": "arn:aws:iam::597331215585:user/williampanebianco",
            "force_destroy": null,
            "id": "williampanebianco",
            "name": "williampanebianco",
            "path": "/",
            "permissions_boundary": null,
            "tags": {},
            "unique_id": "AIDAYWE5XATQ6IIZGWZLD"
          },
          "private": "eyJzY2hlbWFfdmVyc2lvbiI6IjAifQ=="
        }
      ]
    },
    {
      "mode": "managed",
      "type": "aws_iam_user_group_membership",
      "name": "william_panebianco_groups",
      "provider": "provider.aws",
      "instances": [
        {
          "schema_version": 0,
          "attributes": {
            "groups": [
              "Administrators"
            ],
            "id": "terraform-20191219040850407100000001",
            "user": "williampanebianco"
          },
          "private": "bnVsbA==",
          "dependencies": [
            "aws_iam_group.administrators",
            "aws_iam_user.william_panebianco"
          ]
        }
      ]
    },
    {
      "module": "module.sc2_swagger",
      "mode": "managed",
      "type": "aws_route53_record",
      "name": "quotes_zone_apex_cdn_alias",
      "provider": "provider.aws",
      "instances": [
        {
          "schema_version": 2,
          "attributes": {
            "alias": [
              {
                "evaluate_target_health": false,
                "name": "d3kpf7k603afce.cloudfront.net",
                "zone_id": "Z2FDTNDATAQYW2"
              }
            ],
            "allow_overwrite": null,
            "failover_routing_policy": [],
            "fqdn": "swagger.sc2.blizzardquotes.com",
            "geolocation_routing_policy": [],
            "health_check_id": "",
            "id": "Z2N8RQ0B2P27GZ_swagger.sc2.blizzardquotes.com_A",
            "latency_routing_policy": [],
            "multivalue_answer_routing_policy": null,
            "name": "swagger.sc2.blizzardquotes.com",
            "records": [],
            "set_identifier": "",
            "ttl": 0,
            "type": "A",
            "weighted_routing_policy": [],
            "zone_id": "Z2N8RQ0B2P27GZ"
          },
          "private": "eyJzY2hlbWFfdmVyc2lvbiI6IjIifQ==",
          "dependencies": [
            "aws_acm_certificate.sc2_quotes",
            "module.sc2_swagger.aws_cloudfront_distribution.swagger",
            "module.sc2_swagger.aws_cloudfront_origin_access_identity.swagger",
            "module.sc2_swagger.aws_s3_bucket.swagger"
          ]
        }
      ]
    },
    {
      "module": "module.wc3_swagger",
      "mode": "managed",
      "type": "aws_route53_record",
      "name": "quotes_zone_apex_cdn_alias",
      "provider": "provider.aws",
      "instances": [
        {
          "schema_version": 2,
          "attributes": {
            "alias": [
              {
                "evaluate_target_health": false,
                "name": "d9x7pnwn8l8uh.cloudfront.net",
                "zone_id": "Z2FDTNDATAQYW2"
              }
            ],
            "allow_overwrite": null,
            "failover_routing_policy": [],
            "fqdn": "swagger.wc3.blizzardquotes.com",
            "geolocation_routing_policy": [],
            "health_check_id": "",
            "id": "Z2N8RQ0B2P27GZ_swagger.wc3.blizzardquotes.com_A",
            "latency_routing_policy": [],
            "multivalue_answer_routing_policy": null,
            "name": "swagger.wc3.blizzardquotes.com",
            "records": [],
            "set_identifier": "",
            "ttl": 0,
            "type": "A",
            "weighted_routing_policy": [],
            "zone_id": "Z2N8RQ0B2P27GZ"
          },
          "private": "eyJzY2hlbWFfdmVyc2lvbiI6IjIifQ==",
          "dependencies": [
            "aws_acm_certificate.wc3_quotes",
            "module.wc3_swagger.aws_cloudfront_distribution.swagger",
            "module.wc3_swagger.aws_cloudfront_origin_access_identity.swagger",
            "module.wc3_swagger.aws_s3_bucket.swagger"
          ]
        }
      ]
    },
    {
      "mode": "managed",
      "type": "aws_s3_bucket",
      "name": "blizzard_quotes_logs",
      "provider": "provider.aws",
      "instances": [
        {
          "schema_version": 0,
          "attributes": {
            "acceleration_status": "",
            "acl": "log-delivery-write",
            "arn": "arn:aws:s3:::blizzard-quotes-logs",
            "bucket": "blizzard-quotes-logs",
            "bucket_domain_name": "blizzard-quotes-logs.s3.amazonaws.com",
            "bucket_prefix": null,
            "bucket_regional_domain_name": "blizzard-quotes-logs.s3.amazonaws.com",
            "cors_rule": [],
            "force_destroy": false,
            "hosted_zone_id": "Z3AQBSTGFYJSTF",
            "id": "blizzard-quotes-logs",
            "lifecycle_rule": [
              {
                "abort_incomplete_multipart_upload_days": 0,
                "enabled": true,
                "expiration": [
                  {
                    "date": "",
                    "days": 90,
                    "expired_object_delete_marker": false
                  }
                ],
                "id": "logs-lifecycle",
                "noncurrent_version_expiration": [],
                "noncurrent_version_transition": [],
                "prefix": "",
                "tags": {},
                "transition": [
                  {
                    "date": "",
                    "days": 30,
                    "storage_class": "STANDARD_IA"
                  }
                ]
              }
            ],
            "logging": [
              {
                "target_bucket": "blizzard-quotes-logs",
                "target_prefix": "s3-access-logs-blizzard-quotes-logs/"
              }
            ],
            "object_lock_configuration": [],
            "policy": "{\"Statement\":[{\"Action\":\"*\",\"Condition\":{\"Bool\":{\"aws:SecureTransport\":\"false\"}},\"Effect\":\"Deny\",\"Principal\":{\"AWS\":\"*\"},\"Resource\":\"arn:aws:s3:::blizzard-quotes-logs/*\",\"Sid\":\"SecureTransport\"}],\"Version\":\"2012-10-17\"}",
            "region": "us-east-1",
            "replication_configuration": [],
            "request_payer": "BucketOwner",
            "server_side_encryption_configuration": [
              {
                "rule": [
                  {
                    "apply_server_side_encryption_by_default": [
                      {
                        "kms_master_key_id": "",
                        "sse_algorithm": "AES256"
                      }
                    ]
                  }
                ]
              }
            ],
            "tags": {
              "Name": "blizzard-quotes-logs",
              "Purpose": "To house logs inside the blizzard-quotes environment.",
              "Repo": "None"
            },
            "versioning": [
              {
                "enabled": false,
                "mfa_delete": false
              }
            ],
            "website": [],
            "website_domain": null,
            "website_endpoint": null
          },
          "private": "bnVsbA=="
        }
      ]
    },
    {
      "module": "module.sc2_swagger",
      "mode": "managed",
      "type": "aws_s3_bucket",
      "name": "swagger",
      "provider": "provider.aws",
      "instances": [
        {
          "schema_version": 0,
          "attributes": {
            "acceleration_status": "",
            "acl": "private",
            "arn": "arn:aws:s3:::blizzard-quotes-sc2-swagger",
            "bucket": "blizzard-quotes-sc2-swagger",
            "bucket_domain_name": "blizzard-quotes-sc2-swagger.s3.amazonaws.com",
            "bucket_prefix": null,
            "bucket_regional_domain_name": "blizzard-quotes-sc2-swagger.s3.amazonaws.com",
            "cors_rule": [],
            "force_destroy": true,
            "hosted_zone_id": "Z3AQBSTGFYJSTF",
            "id": "blizzard-quotes-sc2-swagger",
            "lifecycle_rule": [],
            "logging": [
              {
                "target_bucket": "blizzard-quotes-logs",
                "target_prefix": "s3-access-logs-blizzard-quotes-sc2-swagger/"
              }
            ],
            "object_lock_configuration": [],
            "policy": null,
            "region": "us-east-1",
            "replication_configuration": [],
            "request_payer": "BucketOwner",
            "server_side_encryption_configuration": [
              {
                "rule": [
                  {
                    "apply_server_side_encryption_by_default": [
                      {
                        "kms_master_key_id": "",
                        "sse_algorithm": "AES256"
                      }
                    ]
                  }
                ]
              }
            ],
            "tags": {
              "Name": "blizzard-quotes-sc2-swagger",
              "Purpose": "To make the sc2 api specification available."
            },
            "versioning": [
              {
                "enabled": false,
                "mfa_delete": false
              }
            ],
            "website": [
              {
                "error_document": "index.html",
                "index_document": "index.html",
                "redirect_all_requests_to": "",
                "routing_rules": ""
              }
            ],
            "website_domain": "s3-website-us-east-1.amazonaws.com",
            "website_endpoint": "blizzard-quotes-sc2-swagger.s3-website-us-east-1.amazonaws.com"
          },
          "private": "bnVsbA=="
        }
      ]
    },
    {
      "module": "module.wc3_swagger",
      "mode": "managed",
      "type": "aws_s3_bucket",
      "name": "swagger",
      "provider": "provider.aws",
      "instances": [
        {
          "schema_version": 0,
          "attributes": {
            "acceleration_status": "",
            "acl": "private",
            "arn": "arn:aws:s3:::blizzard-quotes-wc3-swagger",
            "bucket": "blizzard-quotes-wc3-swagger",
            "bucket_domain_name": "blizzard-quotes-wc3-swagger.s3.amazonaws.com",
            "bucket_prefix": null,
            "bucket_regional_domain_name": "blizzard-quotes-wc3-swagger.s3.amazonaws.com",
            "cors_rule": [],
            "force_destroy": true,
            "hosted_zone_id": "Z3AQBSTGFYJSTF",
            "id": "blizzard-quotes-wc3-swagger",
            "lifecycle_rule": [],
            "logging": [
              {
                "target_bucket": "blizzard-quotes-logs",
                "target_prefix": "s3-access-logs-blizzard-quotes-wc3-swagger/"
              }
            ],
            "object_lock_configuration": [],
            "policy": null,
            "region": "us-east-1",
            "replication_configuration": [],
            "request_payer": "BucketOwner",
            "server_side_encryption_configuration": [
              {
                "rule": [
                  {
                    "apply_server_side_encryption_by_default": [
                      {
                        "kms_master_key_id": "",
                        "sse_algorithm": "AES256"
                      }
                    ]
                  }
                ]
              }
            ],
            "tags": {
              "Name": "blizzard-quotes-wc3-swagger",
              "Purpose": "To make the wc3 api specification available."
            },
            "versioning": [
              {
                "enabled": false,
                "mfa_delete": false
              }
            ],
            "website": [
              {
                "error_document": "index.html",
                "index_document": "index.html",
                "redirect_all_requests_to": "",
                "routing_rules": ""
              }
            ],
            "website_domain": "s3-website-us-east-1.amazonaws.com",
            "website_endpoint": "blizzard-quotes-wc3-swagger.s3-website-us-east-1.amazonaws.com"
          },
          "private": "bnVsbA=="
        }
      ]
    },
    {
      "module": "module.sc2_swagger",
      "mode": "managed",
      "type": "aws_s3_bucket_policy",
      "name": "associate_policy",
      "provider": "provider.aws",
      "instances": [
        {
          "schema_version": 0,
          "attributes": {
            "bucket": "blizzard-quotes-sc2-swagger",
            "id": "blizzard-quotes-sc2-swagger",
            "policy": "{\"Version\":\"2012-10-17\",\"Statement\":[{\"Sid\":\"SecureTransport\",\"Effect\":\"Deny\",\"Principal\":{\"AWS\":\"*\"},\"Action\":\"*\",\"Resource\":\"arn:aws:s3:::blizzard-quotes-sc2-swagger/*\",\"Condition\":{\"Bool\":{\"aws:SecureTransport\":\"false\"}}},{\"Sid\":\"OriginAccessIdentityGet\",\"Effect\":\"Allow\",\"Principal\":{\"AWS\":\"arn:aws:iam::cloudfront:user/CloudFront Origin Access Identity ESP0WXFFK5BE4\"},\"Action\":\"s3:GetObject\",\"Resource\":\"arn:aws:s3:::blizzard-quotes-sc2-swagger/*\"},{\"Sid\":\"OriginAccessIdentityList\",\"Effect\":\"Allow\",\"Principal\":{\"AWS\":\"arn:aws:iam::cloudfront:user/CloudFront Origin Access Identity ESP0WXFFK5BE4\"},\"Action\":\"s3:ListBucket\",\"Resource\":\"arn:aws:s3:::blizzard-quotes-sc2-swagger\"}]}"
          },
          "private": "bnVsbA==",
          "dependencies": [
            "module.sc2_swagger.aws_cloudfront_origin_access_identity.swagger",
            "module.sc2_swagger.aws_s3_bucket.swagger"
          ]
        }
      ]
    },
    {
      "module": "module.wc3_swagger",
      "mode": "managed",
      "type": "aws_s3_bucket_policy",
      "name": "associate_policy",
      "provider": "provider.aws",
      "instances": [
        {
          "schema_version": 0,
          "attributes": {
            "bucket": "blizzard-quotes-wc3-swagger",
            "id": "blizzard-quotes-wc3-swagger",
            "policy": "{\"Version\":\"2012-10-17\",\"Statement\":[{\"Sid\":\"SecureTransport\",\"Effect\":\"Deny\",\"Principal\":{\"AWS\":\"*\"},\"Action\":\"*\",\"Resource\":\"arn:aws:s3:::blizzard-quotes-wc3-swagger/*\",\"Condition\":{\"Bool\":{\"aws:SecureTransport\":\"false\"}}},{\"Sid\":\"OriginAccessIdentityGet\",\"Effect\":\"Allow\",\"Principal\":{\"AWS\":\"arn:aws:iam::cloudfront:user/CloudFront Origin Access Identity E18CGKGJ829D0A\"},\"Action\":\"s3:GetObject\",\"Resource\":\"arn:aws:s3:::blizzard-quotes-wc3-swagger/*\"},{\"Sid\":\"OriginAccessIdentityList\",\"Effect\":\"Allow\",\"Principal\":{\"AWS\":\"arn:aws:iam::cloudfront:user/CloudFront Origin Access Identity E18CGKGJ829D0A\"},\"Action\":\"s3:ListBucket\",\"Resource\":\"arn:aws:s3:::blizzard-quotes-wc3-swagger\"}]}"
          },
          "private": "bnVsbA==",
          "dependencies": [
            "module.wc3_swagger.aws_cloudfront_origin_access_identity.swagger",
            "module.wc3_swagger.aws_s3_bucket.swagger"
          ]
        }
      ]
    },
    {
      "mode": "managed",
      "type": "aws_sns_topic",
      "name": "cost_notification",
      "provider": "provider.aws",
      "instances": [
        {
          "schema_version": 0,
          "attributes": {
            "application_failure_feedback_role_arn": "",
            "application_success_feedback_role_arn": "",
            "application_success_feedback_sample_rate": 0,
            "arn": "arn:aws:sns:us-east-1:597331215585:cost-notification",
            "delivery_policy": "",
            "display_name": "",
            "http_failure_feedback_role_arn": "",
            "http_success_feedback_role_arn": "",
            "http_success_feedback_sample_rate": 0,
            "id": "arn:aws:sns:us-east-1:597331215585:cost-notification",
            "kms_master_key_id": "",
            "lambda_failure_feedback_role_arn": "",
            "lambda_success_feedback_role_arn": "",
            "lambda_success_feedback_sample_rate": 0,
            "name": "cost-notification",
            "name_prefix": null,
            "policy": "{\"Version\":\"2008-10-17\",\"Id\":\"__default_policy_ID\",\"Statement\":[{\"Sid\":\"__default_statement_ID\",\"Effect\":\"Allow\",\"Principal\":{\"AWS\":\"*\"},\"Action\":[\"SNS:GetTopicAttributes\",\"SNS:SetTopicAttributes\",\"SNS:AddPermission\",\"SNS:RemovePermission\",\"SNS:DeleteTopic\",\"SNS:Subscribe\",\"SNS:ListSubscriptionsByTopic\",\"SNS:Publish\",\"SNS:Receive\"],\"Resource\":\"arn:aws:sns:us-east-1:597331215585:cost-notification\",\"Condition\":{\"StringEquals\":{\"AWS:SourceOwner\":\"597331215585\"}}}]}",
            "sqs_failure_feedback_role_arn": "",
            "sqs_success_feedback_role_arn": "",
            "sqs_success_feedback_sample_rate": 0,
            "tags": {}
          },
          "private": "bnVsbA=="
        }
      ]
    },
    {
      "module": "module.wc3_swagger_ui",
      "mode": "managed",
      "type": "null_resource",
      "name": "swagger",
      "provider": "provider.null",
      "instances": [
        {
          "schema_version": 0,
          "attributes": {
            "id": "8529670557922648090",
            "triggers": {
              "openapi_spec_sha": "036066c9e29b9191c87600b5f52ab401248c4503",
              "rendered_template": "DIR_PATH=.terraform/modules/wc3_swagger_ui\r\n\r\nACL=private\r\nBUCKET_PATH=blizzard-quotes-wc3-swagger\r\nOPENAPI_SPEC_PATHS=(D:/Workspace/BlizzardQuotes/specifications/wc3/v1.yml)\r\nOPENAPI_SPEC_URLS=(https://swagger.wc3.blizzardquotes.com/v1.yml)\r\nSWAGGER_UI_VERSION=v3.24.3\r\n\r\nPROFILE=blizzard-quotes\r\n\r\nWORK_DIR=tmp\r\nSWAGGER_TARGET=$WORK_DIR/$(basename $BUCKET_PATH)/$(dirname $BUCKET_PATH)/swagger-ui\r\n\r\nmkdir -p $DIR_PATH/$SWAGGER_TARGET\r\n\r\ncurl --silent -L https://github.com/swagger-api/swagger-ui/archive/$SWAGGER_UI_VERSION.tar.gz -o $DIR_PATH/$SWAGGER_TARGET.tar.gz\r\ntar --strip-components 1 -C $DIR_PATH/$SWAGGER_TARGET -xf $DIR_PATH/$SWAGGER_TARGET.tar.gz\r\n\r\n# Grab the count of the largest array\r\nif [ ${#OPENAPI_SPEC_PATHS[@]} -gt ${#OPENAPI_SPEC_URLS[@]} ]; then\r\n  max=${#OPENAPI_SPEC_PATHS[@]}\r\nelse\r\n  max=${#OPENAPI_SPEC_URLS[@]}\r\nfi\r\n\r\nbucket_key_without_file=\"/\"\r\nif [[ $BUCKET_PATH == *\"/\"* ]]; then\r\n  bucket_key_without_file=${BUCKET_PATH#*/}/\r\nfi\r\n\r\n# Use swagger ui urls if more than one path or url with urls taking precedence\r\nif [ $max -gt 1 ]; then\r\n  urls_string=\"[\"\r\n  for ((i = 0; i \u003c $max; i++ )); do\r\n\r\n    # Use url if specified\r\n    if [[ ! -z ${OPENAPI_SPEC_URLS[$i]} \u0026\u0026 ${OPENAPI_SPEC_URLS[$i]} != \"\" ]]; then\r\n      urls_string+=\"{url: \\\"${OPENAPI_SPEC_URLS[$i]}\\\",  name: \\\"$(basename ${OPENAPI_SPEC_URLS[$i]})\\\"},\"\r\n    else\r\n      urls_string+=\"{url: \\\"/${bucket_key_without_file}$(basename ${OPENAPI_SPEC_PATHS[$i]})\\\",  name: \\\"$(basename ${OPENAPI_SPEC_PATHS[$i]})\\\"},\"\r\n    fi\r\n  done\r\n\r\n  urls_string=\"${urls_string%?}]\"\r\n  sed -i \"s@url:.*@urls: $urls_string,@\" $DIR_PATH/$SWAGGER_TARGET/dist/index.html\r\n\r\n# Use swagger ui\r\nelif [ ${#OPENAPI_SPEC_URLS[@]} -eq 1 ]; then\r\n  sed -i \"s@url:.*@url: \\\"${OPENAPI_SPEC_URLS[0]}\\\",@\" $DIR_PATH/$SWAGGER_TARGET/dist/index.html\r\n# Use swagger ui\r\nelif [ ${#OPENAPI_SPEC_PATHS[@]} -eq 1 ]; then\r\n  sed -i \"s@url:.*@url: \\\"/${bucket_key_without_file}$(basename ${OPENAPI_SPEC_PATHS[0]})\\\",@\" $DIR_PATH/$SWAGGER_TARGET/dist/index.html\r\nfi\r\n\r\naws s3 sync --profile $PROFILE --acl $ACL $DIR_PATH/$SWAGGER_TARGET/dist s3://$BUCKET_PATH\r\n\r\nfor path in ${OPENAPI_SPEC_PATHS[@]}; do\r\n  aws s3 cp --profile $PROFILE --acl $ACL $path s3://$BUCKET_PATH/$(basename $path)  \r\ndone\r\n\r\nrm -rf $DIR_PATH/$SWAGGER_TARGET.tar.gz\r\nrm -rf $DIR_PATH/$SWAGGER_TARGET\r\n",
              "swagger_ui_version": "v3.24.3"
            }
          },
          "dependencies": [
            "module.wc3_swagger.aws_s3_bucket.swagger"
          ]
        }
      ]
    },
    {
      "module": "module.sc2_swagger_ui",
      "mode": "managed",
      "type": "null_resource",
      "name": "swagger",
      "provider": "provider.null",
      "instances": [
        {
          "schema_version": 0,
          "attributes": {
            "id": "4062314959952742973",
            "triggers": {
              "openapi_spec_sha": "9edb2cb63ca6788595416b6209cf256b1bcec589",
              "rendered_template": "DIR_PATH=.terraform/modules/sc2_swagger_ui\r\n\r\nACL=private\r\nBUCKET_PATH=blizzard-quotes-sc2-swagger\r\nOPENAPI_SPEC_PATHS=(D:/Workspace/BlizzardQuotes/specifications/sc2/v1.yml)\r\nOPENAPI_SPEC_URLS=(https://swagger.sc2.blizzardquotes.com/v1.yml)\r\nSWAGGER_UI_VERSION=v3.24.3\r\n\r\nPROFILE=blizzard-quotes\r\n\r\nWORK_DIR=tmp\r\nSWAGGER_TARGET=$WORK_DIR/$(basename $BUCKET_PATH)/$(dirname $BUCKET_PATH)/swagger-ui\r\n\r\nmkdir -p $DIR_PATH/$SWAGGER_TARGET\r\n\r\ncurl --silent -L https://github.com/swagger-api/swagger-ui/archive/$SWAGGER_UI_VERSION.tar.gz -o $DIR_PATH/$SWAGGER_TARGET.tar.gz\r\ntar --strip-components 1 -C $DIR_PATH/$SWAGGER_TARGET -xf $DIR_PATH/$SWAGGER_TARGET.tar.gz\r\n\r\n# Grab the count of the largest array\r\nif [ ${#OPENAPI_SPEC_PATHS[@]} -gt ${#OPENAPI_SPEC_URLS[@]} ]; then\r\n  max=${#OPENAPI_SPEC_PATHS[@]}\r\nelse\r\n  max=${#OPENAPI_SPEC_URLS[@]}\r\nfi\r\n\r\nbucket_key_without_file=\"/\"\r\nif [[ $BUCKET_PATH == *\"/\"* ]]; then\r\n  bucket_key_without_file=${BUCKET_PATH#*/}/\r\nfi\r\n\r\n# Use swagger ui urls if more than one path or url with urls taking precedence\r\nif [ $max -gt 1 ]; then\r\n  urls_string=\"[\"\r\n  for ((i = 0; i \u003c $max; i++ )); do\r\n\r\n    # Use url if specified\r\n    if [[ ! -z ${OPENAPI_SPEC_URLS[$i]} \u0026\u0026 ${OPENAPI_SPEC_URLS[$i]} != \"\" ]]; then\r\n      urls_string+=\"{url: \\\"${OPENAPI_SPEC_URLS[$i]}\\\",  name: \\\"$(basename ${OPENAPI_SPEC_URLS[$i]})\\\"},\"\r\n    else\r\n      urls_string+=\"{url: \\\"/${bucket_key_without_file}$(basename ${OPENAPI_SPEC_PATHS[$i]})\\\",  name: \\\"$(basename ${OPENAPI_SPEC_PATHS[$i]})\\\"},\"\r\n    fi\r\n  done\r\n\r\n  urls_string=\"${urls_string%?}]\"\r\n  sed -i \"s@url:.*@urls: $urls_string,@\" $DIR_PATH/$SWAGGER_TARGET/dist/index.html\r\n\r\n# Use swagger ui\r\nelif [ ${#OPENAPI_SPEC_URLS[@]} -eq 1 ]; then\r\n  sed -i \"s@url:.*@url: \\\"${OPENAPI_SPEC_URLS[0]}\\\",@\" $DIR_PATH/$SWAGGER_TARGET/dist/index.html\r\n# Use swagger ui\r\nelif [ ${#OPENAPI_SPEC_PATHS[@]} -eq 1 ]; then\r\n  sed -i \"s@url:.*@url: \\\"/${bucket_key_without_file}$(basename ${OPENAPI_SPEC_PATHS[0]})\\\",@\" $DIR_PATH/$SWAGGER_TARGET/dist/index.html\r\nfi\r\n\r\naws s3 sync --profile $PROFILE --acl $ACL $DIR_PATH/$SWAGGER_TARGET/dist s3://$BUCKET_PATH\r\n\r\nfor path in ${OPENAPI_SPEC_PATHS[@]}; do\r\n  aws s3 cp --profile $PROFILE --acl $ACL $path s3://$BUCKET_PATH/$(basename $path)  \r\ndone\r\n\r\nrm -rf $DIR_PATH/$SWAGGER_TARGET.tar.gz\r\nrm -rf $DIR_PATH/$SWAGGER_TARGET\r\n",
              "swagger_ui_version": "v3.24.3"
            }
          },
          "dependencies": [
            "module.sc2_swagger.aws_s3_bucket.swagger"
          ]
        }
      ]
    }
  ]
}
